
Microsoft Visual Studio Solution File, Format Version 12.00
# Visual Studio Version 16
VisualStudioVersion = 16.0.31229.75
MinimumVisualStudioVersion = 10.0.40219.1
Project("{FAE04EC0-301F-11D3-BF4B-00C04F79EFBC}") = "RIAA.5", "RIAA.5\RIAA.5.csproj", "{A36327D5-F018-4C89-BB17-CEF3CC6FA709}"
EndProject
Project("{FAE04EC0-301F-11D3-BF4B-00C04F79EFBC}") = "RIAA.5.1", "RIAA.5.1\RIAA.5.1.csproj", "{5F2D4267-14CD-4258-9EBC-979EC0E5FBF6}"
EndProject
Project("{FAE04EC0-301F-11D3-BF4B-00C04F79EFBC}") = "RIAA.4", "RIAA.4\RIAA.4.csproj", "{7292D841-7493-4C29-AB0D-EDF029E1BE7D}"
EndProject
Global
	GlobalSection(SolutionConfigurationPlatforms) = preSolution
		Debug|Any CPU = Debug|Any CPU
		Release|Any CPU = Release|Any CPU
	EndGlobalSection
	GlobalSection(ProjectConfigurationPlatforms) = postSolution
		{A36327D5-F018-4C89-BB17-CEF3CC6FA709}.Debug|Any CPU.ActiveCfg = Debug|Any CPU
		{A36327D5-F018-4C89-BB17-CEF3CC6FA709}.Debug|Any CPU.Build.0 = Debug|Any CPU
		{A36327D5-F018-4C89-BB17-CEF3CC6FA709}.Release|Any CPU.ActiveCfg = Release|Any CPU
		{A36327D5-F018-4C89-BB17-CEF3CC6FA709}.Release|Any CPU.Build.0 = Release|Any CPU
		{5F2D4267-14CD-4258-9EBC-979EC0E5FBF6}.Debug|Any CPU.ActiveCfg = Debug|Any CPU
		{5F2D4267-14CD-4258-9EBC-979EC0E5FBF6}.Debug|Any CPU.Build.0 = Debug|Any CPU
		{5F2D4267-14CD-4258-9EBC-979EC0E5FBF6}.Release|Any CPU.ActiveCfg = Release|Any CPU
		{5F2D4267-14CD-4258-9EBC-979EC0E5FBF6}.Release|Any CPU.Build.0 = Release|Any CPU
		{7292D841-7493-4C29-AB0D-EDF029E1BE7D}.Debug|Any CPU.ActiveCfg = Debug|Any CPU
		{7292D841-7493-4C29-AB0D-EDF029E1BE7D}.Debug|Any CPU.Build.0 = Debug|Any CPU
		{7292D841-7493-4C29-AB0D-EDF029E1BE7D}.Release|Any CPU.ActiveCfg = Release|Any CPU
		{7292D841-7493-4C29-AB0D-EDF029E1BE7D}.Release|Any CPU.Build.0 = Release|Any CPU
	EndGlobalSection
	GlobalSection(SolutionProperties) = preSolution
		HideSolutionNode = FALSE
	EndGlobalSection
	GlobalSection(ExtensibilityGlobals) = postSolution
		SolutionGuid = {BB86A954-5881-487B-854E-91BA57ABDF02}
	EndGlobalSection
EndGlobal
